// !$*UTF8*$!
{
	archiveVersion = 1;
	classes = {
	};
	objectVersion = 48;
	objects = {

/* Begin PBXBuildFile section */
		4803770B1F30512A00C78717 /* loginVC.swift in Sources */ = {isa = PBXBuildFile; fileRef = 4803770A1F30512A00C78717 /* loginVC.swift */; };
		480FCC711F24796B00209E42 /* icon-color.png in Resources */ = {isa = PBXBuildFile; fileRef = 480FCC6B1F24796B00209E42 /* icon-color.png */; };
		480FCC721F24796B00209E42 /* icon-color@2x.png in Resources */ = {isa = PBXBuildFile; fileRef = 480FCC6C1F24796B00209E42 /* icon-color@2x.png */; };
		480FCC731F24796B00209E42 /* icon-lamp.png in Resources */ = {isa = PBXBuildFile; fileRef = 480FCC6D1F24796B00209E42 /* icon-lamp.png */; };
		480FCC741F24796B00209E42 /* icon-lamp@2x.png in Resources */ = {isa = PBXBuildFile; fileRef = 480FCC6E1F24796B00209E42 /* icon-lamp@2x.png */; };
		480FCC7B1F247C1B00209E42 /* icon-time.png in Resources */ = {isa = PBXBuildFile; fileRef = 480FCC791F247C1B00209E42 /* icon-time.png */; };
		480FCC7C1F247C1B00209E42 /* icon-time@2x.png in Resources */ = {isa = PBXBuildFile; fileRef = 480FCC7A1F247C1B00209E42 /* icon-time@2x.png */; };
		480FCC7E1F247CC900209E42 /* icon-watch.png in Resources */ = {isa = PBXBuildFile; fileRef = 480FCC7D1F247CC900209E42 /* icon-watch.png */; };
		48668AA51F1E0F15008A3737 /* AppDelegate.swift in Sources */ = {isa = PBXBuildFile; fileRef = 48668AA41F1E0F15008A3737 /* AppDelegate.swift */; };
		48668AAA1F1E0F15008A3737 /* Main.storyboard in Resources */ = {isa = PBXBuildFile; fileRef = 48668AA81F1E0F15008A3737 /* Main.storyboard */; };
		48668AAC1F1E0F15008A3737 /* Assets.xcassets in Resources */ = {isa = PBXBuildFile; fileRef = 48668AAB1F1E0F15008A3737 /* Assets.xcassets */; };
		48668AAF1F1E0F15008A3737 /* LaunchScreen.storyboard in Resources */ = {isa = PBXBuildFile; fileRef = 48668AAD1F1E0F15008A3737 /* LaunchScreen.storyboard */; };
		4866C25B1F261BAF00432DAB /* lampConfig.swift in Sources */ = {isa = PBXBuildFile; fileRef = 4866C25A1F261BAF00432DAB /* lampConfig.swift */; };
		48C4AF0A1F2EEE3600A08213 /* NetworkManager.swift in Sources */ = {isa = PBXBuildFile; fileRef = 48C4AF091F2EEE3600A08213 /* NetworkManager.swift */; };
		48CA42EE1F39A12C005A7B44 /* configTableViewCell.swift in Sources */ = {isa = PBXBuildFile; fileRef = 48CA42ED1F39A12C005A7B44 /* configTableViewCell.swift */; };
		48CA42F21F39A883005A7B44 /* ConfigTVC.swift in Sources */ = {isa = PBXBuildFile; fileRef = 48CA42F11F39A883005A7B44 /* ConfigTVC.swift */; };
		48F80CE31F2319D600C56A9A /* TurnOnVC.swift in Sources */ = {isa = PBXBuildFile; fileRef = 48F80CE21F2319D600C56A9A /* TurnOnVC.swift */; };
		51528FA025C2605E86524E0F /* Pods_Prism_Niligo.framework in Frameworks */ = {isa = PBXBuildFile; fileRef = 18108EB1BAB591545BA2676A /* Pods_Prism_Niligo.framework */; };
/* End PBXBuildFile section */

/* Begin PBXFileReference section */
		18108EB1BAB591545BA2676A /* Pods_Prism_Niligo.framework */ = {isa = PBXFileReference; explicitFileType = wrapper.framework; includeInIndex = 0; path = Pods_Prism_Niligo.framework; sourceTree = BUILT_PRODUCTS_DIR; };
		4803770A1F30512A00C78717 /* loginVC.swift */ = {isa = PBXFileReference; fileEncoding = 4; lastKnownFileType = sourcecode.swift; name = loginVC.swift; path = ../loginVC.swift; sourceTree = "<group>"; };
		480FCC6B1F24796B00209E42 /* icon-color.png */ = {isa = PBXFileReference; lastKnownFileType = image.png; name = "icon-color.png"; path = "../../../../Desktop/icons/lamp/icon-color.png"; sourceTree = "<group>"; };
		480FCC6C1F24796B00209E42 /* icon-color@2x.png */ = {isa = PBXFileReference; lastKnownFileType = image.png; name = "icon-color@2x.png"; path = "../../../../Desktop/icons/lamp/icon-color@2x.png"; sourceTree = "<group>"; };
		480FCC6D1F24796B00209E42 /* icon-lamp.png */ = {isa = PBXFileReference; lastKnownFileType = image.png; name = "icon-lamp.png"; path = "../../../../Desktop/icons/lamp/icon-lamp.png"; sourceTree = "<group>"; };
		480FCC6E1F24796B00209E42 /* icon-lamp@2x.png */ = {isa = PBXFileReference; lastKnownFileType = image.png; name = "icon-lamp@2x.png"; path = "../../../../Desktop/icons/lamp/icon-lamp@2x.png"; sourceTree = "<group>"; };
		480FCC791F247C1B00209E42 /* icon-time.png */ = {isa = PBXFileReference; lastKnownFileType = image.png; name = "icon-time.png"; path = "../../../../Desktop/icons/lamp/icon-time.png"; sourceTree = "<group>"; };
		480FCC7A1F247C1B00209E42 /* icon-time@2x.png */ = {isa = PBXFileReference; lastKnownFileType = image.png; name = "icon-time@2x.png"; path = "../../../../Desktop/icons/lamp/icon-time@2x.png"; sourceTree = "<group>"; };
		480FCC7D1F247CC900209E42 /* icon-watch.png */ = {isa = PBXFileReference; lastKnownFileType = image.png; name = "icon-watch.png"; path = "../../../../Desktop/icons/lamp/icon-watch.png"; sourceTree = "<group>"; };
		48668AA11F1E0F15008A3737 /* Prism Niligo.app */ = {isa = PBXFileReference; explicitFileType = wrapper.application; includeInIndex = 0; path = "Prism Niligo.app"; sourceTree = BUILT_PRODUCTS_DIR; };
		48668AA41F1E0F15008A3737 /* AppDelegate.swift */ = {isa = PBXFileReference; lastKnownFileType = sourcecode.swift; path = AppDelegate.swift; sourceTree = "<group>"; };
		48668AA91F1E0F15008A3737 /* Base */ = {isa = PBXFileReference; lastKnownFileType = file.storyboard; name = Base; path = Base.lproj/Main.storyboard; sourceTree = "<group>"; };
		48668AAB1F1E0F15008A3737 /* Assets.xcassets */ = {isa = PBXFileReference; lastKnownFileType = folder.assetcatalog; path = Assets.xcassets; sourceTree = "<group>"; };
		48668AAE1F1E0F15008A3737 /* Base */ = {isa = PBXFileReference; lastKnownFileType = file.storyboard; name = Base; path = Base.lproj/LaunchScreen.storyboard; sourceTree = "<group>"; };
		48668AB01F1E0F15008A3737 /* Info.plist */ = {isa = PBXFileReference; lastKnownFileType = text.plist.xml; path = Info.plist; sourceTree = "<group>"; };
		48668AB91F1E0F15008A3737 /* Prism_NiligoTests.swift */ = {isa = PBXFileReference; lastKnownFileType = sourcecode.swift; path = Prism_NiligoTests.swift; sourceTree = "<group>"; };
		48668ABB1F1E0F15008A3737 /* Info.plist */ = {isa = PBXFileReference; lastKnownFileType = text.plist.xml; path = Info.plist; sourceTree = "<group>"; };
		4866C25A1F261BAF00432DAB /* lampConfig.swift */ = {isa = PBXFileReference; fileEncoding = 4; lastKnownFileType = sourcecode.swift; name = lampConfig.swift; path = ../lampConfig.swift; sourceTree = "<group>"; };
		48C4AF091F2EEE3600A08213 /* NetworkManager.swift */ = {isa = PBXFileReference; fileEncoding = 4; lastKnownFileType = sourcecode.swift; name = NetworkManager.swift; path = ../NetworkManager.swift; sourceTree = "<group>"; };
		48CA42ED1F39A12C005A7B44 /* configTableViewCell.swift */ = {isa = PBXFileReference; fileEncoding = 4; lastKnownFileType = sourcecode.swift; path = configTableViewCell.swift; sourceTree = "<group>"; };
		48CA42F11F39A883005A7B44 /* ConfigTVC.swift */ = {isa = PBXFileReference; fileEncoding = 4; lastKnownFileType = sourcecode.swift; path = ConfigTVC.swift; sourceTree = "<group>"; };
		48F80CE21F2319D600C56A9A /* TurnOnVC.swift */ = {isa = PBXFileReference; fileEncoding = 4; lastKnownFileType = sourcecode.swift; path = TurnOnVC.swift; sourceTree = "<group>"; };
		4B50D9DA8DEC3B5B26055A2E /* Pods-Prism Niligo.release.xcconfig */ = {isa = PBXFileReference; includeInIndex = 1; lastKnownFileType = text.xcconfig; name = "Pods-Prism Niligo.release.xcconfig"; path = "Pods/Target Support Files/Pods-Prism Niligo/Pods-Prism Niligo.release.xcconfig"; sourceTree = "<group>"; };
		D5DAA4BF8644B0EC84371CD9 /* Pods-Prism Niligo.debug.xcconfig */ = {isa = PBXFileReference; includeInIndex = 1; lastKnownFileType = text.xcconfig; name = "Pods-Prism Niligo.debug.xcconfig"; path = "Pods/Target Support Files/Pods-Prism Niligo/Pods-Prism Niligo.debug.xcconfig"; sourceTree = "<group>"; };
/* End PBXFileReference section */

/* Begin PBXFrameworksBuildPhase section */
		48668A9E1F1E0F15008A3737 /* Frameworks */ = {
			isa = PBXFrameworksBuildPhase;
			buildActionMask = 2147483647;
			files = (
				51528FA025C2605E86524E0F /* Pods_Prism_Niligo.framework in Frameworks */,
			);
			runOnlyForDeploymentPostprocessing = 0;
		};
/* End PBXFrameworksBuildPhase section */

/* Begin PBXGroup section */
		480FCC4F1F236B8200209E42 /* Resources */ = {
			isa = PBXGroup;
			children = (
				480FCC7D1F247CC900209E42 /* icon-watch.png */,
				480FCC791F247C1B00209E42 /* icon-time.png */,
				480FCC7A1F247C1B00209E42 /* icon-time@2x.png */,
				480FCC6B1F24796B00209E42 /* icon-color.png */,
				480FCC6C1F24796B00209E42 /* icon-color@2x.png */,
				480FCC6D1F24796B00209E42 /* icon-lamp.png */,
				480FCC6E1F24796B00209E42 /* icon-lamp@2x.png */,
			);
			name = Resources;
			sourceTree = "<group>";
		};
		48668A981F1E0F15008A3737 = {
			isa = PBXGroup;
			children = (
				48668AA31F1E0F15008A3737 /* Prism Niligo */,
				48668AB81F1E0F15008A3737 /* Prism NiligoTests */,
				48668AA21F1E0F15008A3737 /* Products */,
				D010F07896A7211AA6163DDC /* Pods */,
				696EF44A3BBD9CCE6FD406CE /* Frameworks */,
			);
			sourceTree = "<group>";
		};
		48668AA21F1E0F15008A3737 /* Products */ = {
			isa = PBXGroup;
			children = (
				48668AA11F1E0F15008A3737 /* Prism Niligo.app */,
			);
			name = Products;
			sourceTree = "<group>";
		};
		48668AA31F1E0F15008A3737 /* Prism Niligo */ = {
			isa = PBXGroup;
			children = (
				480FCC4F1F236B8200209E42 /* Resources */,
				48E4376E1F4AC6210058EE92 /* tabBar */,
				48C4AF091F2EEE3600A08213 /* NetworkManager.swift */,
				4803770A1F30512A00C78717 /* loginVC.swift */,
				48668AA41F1E0F15008A3737 /* AppDelegate.swift */,
				48668AA81F1E0F15008A3737 /* Main.storyboard */,
				48668AAB1F1E0F15008A3737 /* Assets.xcassets */,
				48668AAD1F1E0F15008A3737 /* LaunchScreen.storyboard */,
				48668AB01F1E0F15008A3737 /* Info.plist */,
			);
			path = "Prism Niligo";
			sourceTree = "<group>";
		};
		48668AB81F1E0F15008A3737 /* Prism NiligoTests */ = {
			isa = PBXGroup;
			children = (
				48668AB91F1E0F15008A3737 /* Prism_NiligoTests.swift */,
				48668ABB1F1E0F15008A3737 /* Info.plist */,
			);
			path = "Prism NiligoTests";
			sourceTree = "<group>";
		};
		48E4376E1F4AC6210058EE92 /* tabBar */ = {
			isa = PBXGroup;
			children = (
				48F80CDB1F2318F600C56A9A /* table */,
				48F80CE21F2319D600C56A9A /* TurnOnVC.swift */,
				4866C25A1F261BAF00432DAB /* lampConfig.swift */,
			);
			name = tabBar;
			sourceTree = "<group>";
		};
		48F80CDB1F2318F600C56A9A /* table */ = {
			isa = PBXGroup;
			children = (
				48CA42ED1F39A12C005A7B44 /* configTableViewCell.swift */,
				48CA42F11F39A883005A7B44 /* ConfigTVC.swift */,
			);
			name = table;
			sourceTree = "<group>";
		};
		696EF44A3BBD9CCE6FD406CE /* Frameworks */ = {
			isa = PBXGroup;
			children = (
				18108EB1BAB591545BA2676A /* Pods_Prism_Niligo.framework */,
			);
			name = Frameworks;
			sourceTree = "<group>";
		};
		D010F07896A7211AA6163DDC /* Pods */ = {
			isa = PBXGroup;
			children = (
				D5DAA4BF8644B0EC84371CD9 /* Pods-Prism Niligo.debug.xcconfig */,
				4B50D9DA8DEC3B5B26055A2E /* Pods-Prism Niligo.release.xcconfig */,
			);
			name = Pods;
			sourceTree = "<group>";
		};
/* End PBXGroup section */

/* Begin PBXNativeTarget section */
		48668AA01F1E0F15008A3737 /* Prism Niligo */ = {
			isa = PBXNativeTarget;
			buildConfigurationList = 48668ABE1F1E0F15008A3737 /* Build configuration list for PBXNativeTarget "Prism Niligo" */;
			buildPhases = (
				ABB514D21C94B74AB26B460B /* [CP] Check Pods Manifest.lock */,
				48668A9D1F1E0F15008A3737 /* Sources */,
				48668A9E1F1E0F15008A3737 /* Frameworks */,
				48668A9F1F1E0F15008A3737 /* Resources */,
				5FF5C6B0F2739C2F2634F65B /* [CP] Embed Pods Frameworks */,
				A5714FDC8483BF84101157C4 /* [CP] Copy Pods Resources */,
			);
			buildRules = (
			);
			dependencies = (
			);
			name = "Prism Niligo";
			productName = "Prism Niligo";
			productReference = 48668AA11F1E0F15008A3737 /* Prism Niligo.app */;
			productType = "com.apple.product-type.application";
		};
/* End PBXNativeTarget section */

/* Begin PBXProject section */
		48668A991F1E0F15008A3737 /* Project object */ = {
			isa = PBXProject;
			attributes = {
				LastSwiftUpdateCheck = 0830;
				LastUpgradeCheck = 0830;
				ORGANIZATIONNAME = amirhosein;
				TargetAttributes = {
					48668AA01F1E0F15008A3737 = {
						CreatedOnToolsVersion = 8.3.3;
						ProvisioningStyle = Automatic;
					};
				};
			};
			buildConfigurationList = 48668A9C1F1E0F15008A3737 /* Build configuration list for PBXProject "Prism Niligo" */;
			compatibilityVersion = "Xcode 8.0";
			developmentRegion = English;
			hasScannedForEncodings = 0;
			knownRegions = (
				en,
				Base,
			);
			mainGroup = 48668A981F1E0F15008A3737;
			productRefGroup = 48668AA21F1E0F15008A3737 /* Products */;
			projectDirPath = "";
			projectRoot = "";
			targets = (
				48668AA01F1E0F15008A3737 /* Prism Niligo */,
			);
		};
/* End PBXProject section */

/* Begin PBXResourcesBuildPhase section */
		48668A9F1F1E0F15008A3737 /* Resources */ = {
			isa = PBXResourcesBuildPhase;
			buildActionMask = 2147483647;
			files = (
				480FCC731F24796B00209E42 /* icon-lamp.png in Resources */,
				48668AAF1F1E0F15008A3737 /* LaunchScreen.storyboard in Resources */,
				480FCC741F24796B00209E42 /* icon-lamp@2x.png in Resources */,
				48668AAC1F1E0F15008A3737 /* Assets.xcassets in Resources */,
				480FCC721F24796B00209E42 /* icon-color@2x.png in Resources */,
				480FCC7B1F247C1B00209E42 /* icon-time.png in Resources */,
				480FCC711F24796B00209E42 /* icon-color.png in Resources */,
				48668AAA1F1E0F15008A3737 /* Main.storyboard in Resources */,
				480FCC7E1F247CC900209E42 /* icon-watch.png in Resources */,
				480FCC7C1F247C1B00209E42 /* icon-time@2x.png in Resources */,
			);
			runOnlyForDeploymentPostprocessing = 0;
		};
/* End PBXResourcesBuildPhase section */

/* Begin PBXShellScriptBuildPhase section */
		5FF5C6B0F2739C2F2634F65B /* [CP] Embed Pods Frameworks */ = {
			isa = PBXShellScriptBuildPhase;
			buildActionMask = 2147483647;
			files = (
			);
			inputPaths = (
			);
			name = "[CP] Embed Pods Frameworks";
			outputPaths = (
			);
			runOnlyForDeploymentPostprocessing = 0;
			shellPath = /bin/sh;
			shellScript = "\"${SRCROOT}/Pods/Target Support Files/Pods-Prism Niligo/Pods-Prism Niligo-frameworks.sh\"\n";
			showEnvVarsInLog = 0;
		};
		A5714FDC8483BF84101157C4 /* [CP] Copy Pods Resources */ = {
			isa = PBXShellScriptBuildPhase;
			buildActionMask = 2147483647;
			files = (
			);
			inputPaths = (
			);
			name = "[CP] Copy Pods Resources";
			outputPaths = (
			);
			runOnlyForDeploymentPostprocessing = 0;
			shellPath = /bin/sh;
			shellScript = "\"${SRCROOT}/Pods/Target Support Files/Pods-Prism Niligo/Pods-Prism Niligo-resources.sh\"\n";
			showEnvVarsInLog = 0;
		};
		ABB514D21C94B74AB26B460B /* [CP] Check Pods Manifest.lock */ = {
			isa = PBXShellScriptBuildPhase;
			buildActionMask = 2147483647;
			files = (
			);
			inputPaths = (
			);
			name = "[CP] Check Pods Manifest.lock";
			outputPaths = (
			);
			runOnlyForDeploymentPostprocessing = 0;
			shellPath = /bin/sh;
			shellScript = "diff \"${PODS_PODFILE_DIR_PATH}/Podfile.lock\" \"${PODS_ROOT}/Manifest.lock\" > /dev/null\nif [ $? != 0 ] ; then\n    # print error to STDERR\n    echo \"error: The sandbox is not in sync with the Podfile.lock. Run 'pod install' or update your CocoaPods installation.\" >&2\n    exit 1\nfi\n";
			showEnvVarsInLog = 0;
		};
/* End PBXShellScriptBuildPhase section */

/* Begin PBXSourcesBuildPhase section */
		48668A9D1F1E0F15008A3737 /* Sources */ = {
			isa = PBXSourcesBuildPhase;
			buildActionMask = 2147483647;
			files = (
				48F80CE31F2319D600C56A9A /* TurnOnVC.swift in Sources */,
				48CA42EE1F39A12C005A7B44 /* configTableViewCell.swift in Sources */,
				48CA42F21F39A883005A7B44 /* ConfigTVC.swift in Sources */,
				4803770B1F30512A00C78717 /* loginVC.swift in Sources */,
				48C4AF0A1F2EEE3600A08213 /* NetworkManager.swift in Sources */,
				48668AA51F1E0F15008A3737 /* AppDelegate.swift in Sources */,
				4866C25B1F261BAF00432DAB /* lampConfig.swift in Sources */,
			);
			runOnlyForDeploymentPostprocessing = 0;
		};
/* End PBXSourcesBuildPhase section */

/* Begin PBXVariantGroup section */
		48668AA81F1E0F15008A3737 /* Main.storyboard */ = {
			isa = PBXVariantGroup;
			children = (
				48668AA91F1E0F15008A3737 /* Base */,
			);
			name = Main.storyboard;
			sourceTree = "<group>";
		};
		48668AAD1F1E0F15008A3737 /* LaunchScreen.storyboard */ = {
			isa = PBXVariantGroup;
			children = (
				48668AAE1F1E0F15008A3737 /* Base */,
			);
			name = LaunchScreen.storyboard;
			sourceTree = "<group>";
		};
/* End PBXVariantGroup section */

/* Begin XCBuildConfiguration section */
		48668ABC1F1E0F15008A3737 /* Debug */ = {
			isa = XCBuildConfiguration;
			buildSettings = {
				ALWAYS_SEARCH_USER_PATHS = NO;
				CLANG_ANALYZER_NONNULL = YES;
				CLANG_ANALYZER_NUMBER_OBJECT_CONVERSION = YES_AGGRESSIVE;
				CLANG_CXX_LANGUAGE_STANDARD = "gnu++0x";
				CLANG_CXX_LIBRARY = "libc++";
				CLANG_ENABLE_MODULES = YES;
				CLANG_ENABLE_OBJC_ARC = YES;
				CLANG_WARN_BOOL_CONVERSION = YES;
				CLANG_WARN_CONSTANT_CONVERSION = YES;
				CLANG_WARN_DIRECT_OBJC_ISA_USAGE = YES_ERROR;
				CLANG_WARN_DOCUMENTATION_COMMENTS = YES;
				CLANG_WARN_EMPTY_BODY = YES;
				CLANG_WARN_ENUM_CONVERSION = YES;
				CLANG_WARN_INFINITE_RECURSION = YES;
				CLANG_WARN_INT_CONVERSION = YES;
				CLANG_WARN_OBJC_ROOT_CLASS = YES_ERROR;
				CLANG_WARN_SUSPICIOUS_MOVE = YES;
				CLANG_WARN_UNREACHABLE_CODE = YES;
				CLANG_WARN__DUPLICATE_METHOD_MATCH = YES;
				"CODE_SIGN_IDENTITY[sdk=iphoneos*]" = "iPhone Developer";
				COPY_PHASE_STRIP = NO;
				DEBUG_INFORMATION_FORMAT = dwarf;
				ENABLE_STRICT_OBJC_MSGSEND = YES;
				ENABLE_TESTABILITY = YES;
				GCC_C_LANGUAGE_STANDARD = gnu99;
				GCC_DYNAMIC_NO_PIC = NO;
				GCC_NO_COMMON_BLOCKS = YES;
				GCC_OPTIMIZATION_LEVEL = 0;
				GCC_PREPROCESSOR_DEFINITIONS = (
					"DEBUG=1",
					"$(inherited)",
				);
				GCC_WARN_64_TO_32_BIT_CONVERSION = YES;
				GCC_WARN_ABOUT_RETURN_TYPE = YES_ERROR;
				GCC_WARN_UNDECLARED_SELECTOR = YES;
				GCC_WARN_UNINITIALIZED_AUTOS = YES_AGGRESSIVE;
				GCC_WARN_UNUSED_FUNCTION = YES;
				GCC_WARN_UNUSED_VARIABLE = YES;
				IPHONEOS_DEPLOYMENT_TARGET = 10.3;
				MTL_ENABLE_DEBUG_INFO = YES;
				ONLY_ACTIVE_ARCH = YES;
				SDKROOT = iphoneos;
				SWIFT_ACTIVE_COMPILATION_CONDITIONS = DEBUG;
				SWIFT_OPTIMIZATION_LEVEL = "-Onone";
				TARGETED_DEVICE_FAMILY = "1,2";
			};
			name = Debug;
		};
		48668ABD1F1E0F15008A3737 /* Release */ = {
			isa = XCBuildConfiguration;
			buildSettings = {
				ALWAYS_SEARCH_USER_PATHS = NO;
				CLANG_ANALYZER_NONNULL = YES;
				CLANG_ANALYZER_NUMBER_OBJECT_CONVERSION = YES_AGGRESSIVE;
				CLANG_CXX_LANGUAGE_STANDARD = "gnu++0x";
				CLANG_CXX_LIBRARY = "libc++";
				CLANG_ENABLE_MODULES = YES;
				CLANG_ENABLE_OBJC_ARC = YES;
				CLANG_WARN_BOOL_CONVERSION = YES;
				CLANG_WARN_CONSTANT_CONVERSION = YES;
				CLANG_WARN_DIRECT_OBJC_ISA_USAGE = YES_ERROR;
				CLANG_WARN_DOCUMENTATION_COMMENTS = YES;
				CLANG_WARN_EMPTY_BODY = YES;
				CLANG_WARN_ENUM_CONVERSION = YES;
				CLANG_WARN_INFINITE_RECURSION = YES;
				CLANG_WARN_INT_CONVERSION = YES;
				CLANG_WARN_OBJC_ROOT_CLASS = YES_ERROR;
				CLANG_WARN_SUSPICIOUS_MOVE = YES;
				CLANG_WARN_UNREACHABLE_CODE = YES;
				CLANG_WARN__DUPLICATE_METHOD_MATCH = YES;
				"CODE_SIGN_IDENTITY[sdk=iphoneos*]" = "iPhone Developer";
				COPY_PHASE_STRIP = NO;
				DEBUG_INFORMATION_FORMAT = "dwarf-with-dsym";
				ENABLE_NS_ASSERTIONS = NO;
				ENABLE_STRICT_OBJC_MSGSEND = YES;
				GCC_C_LANGUAGE_STANDARD = gnu99;
				GCC_NO_COMMON_BLOCKS = YES;
				GCC_WARN_64_TO_32_BIT_CONVERSION = YES;
				GCC_WARN_ABOUT_RETURN_TYPE = YES_ERROR;
				GCC_WARN_UNDECLARED_SELECTOR = YES;
				GCC_WARN_UNINITIALIZED_AUTOS = YES_AGGRESSIVE;
				GCC_WARN_UNUSED_FUNCTION = YES;
				GCC_WARN_UNUSED_VARIABLE = YES;
				IPHONEOS_DEPLOYMENT_TARGET = 10.3;
				MTL_ENABLE_DEBUG_INFO = NO;
				SDKROOT = iphoneos;
				SWIFT_OPTIMIZATION_LEVEL = "-Owholemodule";
				TARGETED_DEVICE_FAMILY = "1,2";
				VALIDATE_PRODUCT = YES;
			};
			name = Release;
		};
		48668ABF1F1E0F15008A3737 /* Debug */ = {
			isa = XCBuildConfiguration;
			baseConfigurationReference = D5DAA4BF8644B0EC84371CD9 /* Pods-Prism Niligo.debug.xcconfig */;
			buildSettings = {
				ASSETCATALOG_COMPILER_APPICON_NAME = AppIcon;
				ASSETCATALOG_COMPILER_LAUNCHIMAGE_NAME = LaunchImage;
				"CODE_SIGN_IDENTITY[sdk=iphoneos*]" = "iPhone Developer";
				DEVELOPMENT_TEAM = QU9RK69EK9;
				FRAMEWORK_SEARCH_PATHS = (
					"$(inherited)",
					"$(PROJECT_DIR)/build/Debug-iphoneos/SwiftyJSON",
				);
				INFOPLIST_FILE = "Prism Niligo/Info.plist";
				LD_RUNPATH_SEARCH_PATHS = "$(inherited) @executable_path/Frameworks";
				PRODUCT_BUNDLE_IDENTIFIER = "com.example.Prism-Niligo";
				PRODUCT_NAME = "$(TARGET_NAME)";
				PROVISIONING_PROFILE_SPECIFIER = "";
				SWIFT_VERSION = 3.0;
			};
			name = Debug;
		};
		48668AC01F1E0F15008A3737 /* Release */ = {
			isa = XCBuildConfiguration;
			baseConfigurationReference = 4B50D9DA8DEC3B5B26055A2E /* Pods-Prism Niligo.release.xcconfig */;
			buildSettings = {
				ASSETCATALOG_COMPILER_APPICON_NAME = AppIcon;
				ASSETCATALOG_COMPILER_LAUNCHIMAGE_NAME = LaunchImage;
				"CODE_SIGN_IDENTITY[sdk=iphoneos*]" = "iPhone Developer";
				DEVELOPMENT_TEAM = QU9RK69EK9;
				FRAMEWORK_SEARCH_PATHS = (
					"$(inherited)",
					"$(PROJECT_DIR)/build/Debug-iphoneos/SwiftyJSON",
				);
				INFOPLIST_FILE = "Prism Niligo/Info.plist";
				LD_RUNPATH_SEARCH_PATHS = "$(inherited) @executable_path/Frameworks";
				PRODUCT_BUNDLE_IDENTIFIER = "com.example.Prism-Niligo";
				PRODUCT_NAME = "$(TARGET_NAME)";
				PROVISIONING_PROFILE_SPECIFIER = "";
				SWIFT_VERSION = 3.0;
			};
			name = Release;
		};
/* End XCBuildConfiguration section */

/* Begin XCConfigurationList section */
		48668A9C1F1E0F15008A3737 /* Build configuration list for PBXProject "Prism Niligo" */ = {
			isa = XCConfigurationList;
			buildConfigurations = (
				48668ABC1F1E0F15008A3737 /* Debug */,
				48668ABD1F1E0F15008A3737 /* Release */,
			);
			defaultConfigurationIsVisible = 0;
			defaultConfigurationName = Release;
		};
		48668ABE1F1E0F15008A3737 /* Build configuration list for PBXNativeTarget "Prism Niligo" */ = {
			isa = XCConfigurationList;
			buildConfigurations = (
				48668ABF1F1E0F15008A3737 /* Debug */,
				48668AC01F1E0F15008A3737 /* Release */,
			);
			defaultConfigurationIsVisible = 0;
			defaultConfigurationName = Release;
		};
/* End XCConfigurationList section */
	};
	rootObject = 48668A991F1E0F15008A3737 /* Project object */;
}
